// !$*UTF8*$!
{
	archiveVersion = 1;
	classes = {
	};
	objectVersion = 46;
	objects = {

/* Begin PBXBuildFile section */
		1215F7DF1B6FBB4500146F81 /* Deconvoluter.cpp in Sources */ = {isa = PBXBuildFile; fileRef = 1215F7DD1B6FBB4500146F81 /* Deconvoluter.cpp */; };
		1215F7E11B6FC7E800146F81 /* misc.cpp in Sources */ = {isa = PBXBuildFile; fileRef = 1215F7E01B6FC7E800146F81 /* misc.cpp */; };
		12EF3E0A1B5AAE060073F0E7 /* FileParser.cpp in Sources */ = {isa = PBXBuildFile; fileRef = 12EF3E001B5AAE060073F0E7 /* FileParser.cpp */; };
		12EF3E0B1B5AAE060073F0E7 /* FileReader.cpp in Sources */ = {isa = PBXBuildFile; fileRef = 12EF3E021B5AAE060073F0E7 /* FileReader.cpp */; };
		12EF3E0C1B5AAE060073F0E7 /* InputFileParser.cpp in Sources */ = {isa = PBXBuildFile; fileRef = 12EF3E041B5AAE060073F0E7 /* InputFileParser.cpp */; };
		12EF3E0D1B5AAE060073F0E7 /* main.cpp in Sources */ = {isa = PBXBuildFile; fileRef = 12EF3E061B5AAE060073F0E7 /* main.cpp */; };
		12EF3E0E1B5AAE060073F0E7 /* MtzManager.cpp in Sources */ = {isa = PBXBuildFile; fileRef = 12EF3E071B5AAE060073F0E7 /* MtzManager.cpp */; };
		12EF3E131B5AAE340073F0E7 /* Holder.cpp in Sources */ = {isa = PBXBuildFile; fileRef = 12EF3E0F1B5AAE340073F0E7 /* Holder.cpp */; };
		12EF3E141B5AAE340073F0E7 /* Miller.cpp in Sources */ = {isa = PBXBuildFile; fileRef = 12EF3E111B5AAE340073F0E7 /* Miller.cpp */; };
		12EF3E171B5AAE790073F0E7 /* StatisticsManager.cpp in Sources */ = {isa = PBXBuildFile; fileRef = 12EF3E151B5AAE790073F0E7 /* StatisticsManager.cpp */; };
		12EF3E1B1B5AAEBD0073F0E7 /* Matrix.cpp in Sources */ = {isa = PBXBuildFile; fileRef = 12EF3E191B5AAEBD0073F0E7 /* Matrix.cpp */; };
		12EF3E221B5AAF850073F0E7 /* libccp4io.a in Frameworks */ = {isa = PBXBuildFile; fileRef = 12EF3E201B5AAF850073F0E7 /* libccp4io.a */; };
		12EF3E2A1B5AB80F0073F0E7 /* Vector.cpp in Sources */ = {isa = PBXBuildFile; fileRef = 12EF3E281B5AB80F0073F0E7 /* Vector.cpp */; };
/* End PBXBuildFile section */

/* Begin PBXCopyFilesBuildPhase section */
		12EF3DF41B5AADAB0073F0E7 /* CopyFiles */ = {
			isa = PBXCopyFilesBuildPhase;
			buildActionMask = 2147483647;
			dstPath = /usr/share/man/man1/;
			dstSubfolderSpec = 0;
			files = (
			);
			runOnlyForDeploymentPostprocessing = 1;
		};
/* End PBXCopyFilesBuildPhase section */

/* Begin PBXFileReference section */
		1215F7DD1B6FBB4500146F81 /* Deconvoluter.cpp */ = {isa = PBXFileReference; fileEncoding = 4; lastKnownFileType = sourcecode.cpp.cpp; name = Deconvoluter.cpp; path = ../../src/Deconvoluter.cpp; sourceTree = "<group>"; };
		1215F7DE1B6FBB4500146F81 /* Deconvoluter.h */ = {isa = PBXFileReference; fileEncoding = 4; lastKnownFileType = sourcecode.c.h; name = Deconvoluter.h; path = ../../src/Deconvoluter.h; sourceTree = "<group>"; };
		1215F7E01B6FC7E800146F81 /* misc.cpp */ = {isa = PBXFileReference; fileEncoding = 4; lastKnownFileType = sourcecode.cpp.cpp; name = misc.cpp; path = ../../src/misc.cpp; sourceTree = "<group>"; };
		12EF3DF61B5AADAB0073F0E7 /* deconvolute */ = {isa = PBXFileReference; explicitFileType = "compiled.mach-o.executable"; includeInIndex = 0; path = deconvolute; sourceTree = BUILT_PRODUCTS_DIR; };
		12EF3E001B5AAE060073F0E7 /* FileParser.cpp */ = {isa = PBXFileReference; fileEncoding = 4; lastKnownFileType = sourcecode.cpp.cpp; name = FileParser.cpp; path = ../../src/FileParser.cpp; sourceTree = "<group>"; };
		12EF3E011B5AAE060073F0E7 /* FileParser.h */ = {isa = PBXFileReference; fileEncoding = 4; lastKnownFileType = sourcecode.c.h; name = FileParser.h; path = ../../src/FileParser.h; sourceTree = "<group>"; };
		12EF3E021B5AAE060073F0E7 /* FileReader.cpp */ = {isa = PBXFileReference; fileEncoding = 4; lastKnownFileType = sourcecode.cpp.cpp; name = FileReader.cpp; path = ../../src/FileReader.cpp; sourceTree = "<group>"; };
		12EF3E031B5AAE060073F0E7 /* FileReader.h */ = {isa = PBXFileReference; fileEncoding = 4; lastKnownFileType = sourcecode.c.h; name = FileReader.h; path = ../../src/FileReader.h; sourceTree = "<group>"; };
		12EF3E041B5AAE060073F0E7 /* InputFileParser.cpp */ = {isa = PBXFileReference; fileEncoding = 4; lastKnownFileType = sourcecode.cpp.cpp; name = InputFileParser.cpp; path = ../../src/InputFileParser.cpp; sourceTree = "<group>"; };
		12EF3E051B5AAE060073F0E7 /* InputFileParser.h */ = {isa = PBXFileReference; fileEncoding = 4; lastKnownFileType = sourcecode.c.h; name = InputFileParser.h; path = ../../src/InputFileParser.h; sourceTree = "<group>"; };
		12EF3E061B5AAE060073F0E7 /* main.cpp */ = {isa = PBXFileReference; fileEncoding = 4; lastKnownFileType = sourcecode.cpp.cpp; name = main.cpp; path = ../../src/main.cpp; sourceTree = "<group>"; };
		12EF3E071B5AAE060073F0E7 /* MtzManager.cpp */ = {isa = PBXFileReference; fileEncoding = 4; lastKnownFileType = sourcecode.cpp.cpp; name = MtzManager.cpp; path = ../../src/MtzManager.cpp; sourceTree = "<group>"; };
		12EF3E081B5AAE060073F0E7 /* MtzManager.h */ = {isa = PBXFileReference; fileEncoding = 4; lastKnownFileType = sourcecode.c.h; name = MtzManager.h; path = ../../src/MtzManager.h; sourceTree = "<group>"; };
		12EF3E091B5AAE060073F0E7 /* parameters.h */ = {isa = PBXFileReference; fileEncoding = 4; lastKnownFileType = sourcecode.c.h; name = parameters.h; path = ../../src/parameters.h; sourceTree = "<group>"; };
		12EF3E0F1B5AAE340073F0E7 /* Holder.cpp */ = {isa = PBXFileReference; fileEncoding = 4; lastKnownFileType = sourcecode.cpp.cpp; name = Holder.cpp; path = ../../src/Holder.cpp; sourceTree = "<group>"; };
		12EF3E101B5AAE340073F0E7 /* Holder.h */ = {isa = PBXFileReference; fileEncoding = 4; lastKnownFileType = sourcecode.c.h; name = Holder.h; path = ../../src/Holder.h; sourceTree = "<group>"; };
		12EF3E111B5AAE340073F0E7 /* Miller.cpp */ = {isa = PBXFileReference; fileEncoding = 4; lastKnownFileType = sourcecode.cpp.cpp; name = Miller.cpp; path = ../../src/Miller.cpp; sourceTree = "<group>"; };
		12EF3E121B5AAE340073F0E7 /* Miller.h */ = {isa = PBXFileReference; fileEncoding = 4; lastKnownFileType = sourcecode.c.h; name = Miller.h; path = ../../src/Miller.h; sourceTree = "<group>"; };
		12EF3E151B5AAE790073F0E7 /* StatisticsManager.cpp */ = {isa = PBXFileReference; fileEncoding = 4; lastKnownFileType = sourcecode.cpp.cpp; name = StatisticsManager.cpp; path = ../../src/StatisticsManager.cpp; sourceTree = "<group>"; };
		12EF3E161B5AAE790073F0E7 /* StatisticsManager.h */ = {isa = PBXFileReference; fileEncoding = 4; lastKnownFileType = sourcecode.c.h; name = StatisticsManager.h; path = ../../src/StatisticsManager.h; sourceTree = "<group>"; };
		12EF3E181B5AAE9A0073F0E7 /* definitions.h */ = {isa = PBXFileReference; lastKnownFileType = sourcecode.c.h; name = definitions.h; path = ../../src/definitions.h; sourceTree = "<group>"; };
		12EF3E191B5AAEBD0073F0E7 /* Matrix.cpp */ = {isa = PBXFileReference; fileEncoding = 4; lastKnownFileType = sourcecode.cpp.cpp; name = Matrix.cpp; path = ../../src/Matrix.cpp; sourceTree = "<group>"; };
		12EF3E1A1B5AAEBD0073F0E7 /* Matrix.h */ = {isa = PBXFileReference; fileEncoding = 4; lastKnownFileType = sourcecode.c.h; name = Matrix.h; path = ../../src/Matrix.h; sourceTree = "<group>"; };
		12EF3E1F1B5AAF850073F0E7 /* libcctbx.a */ = {isa = PBXFileReference; lastKnownFileType = archive.ar; name = libcctbx.a; path = "../../Library/phenix-source/build/lib/libcctbx.a"; sourceTree = "<group>"; };
		12EF3E201B5AAF850073F0E7 /* libccp4io.a */ = {isa = PBXFileReference; lastKnownFileType = archive.ar; name = libccp4io.a; path = "../../Library/phenix-source/build/lib/libccp4io.a"; sourceTree = "<group>"; };
		12EF3E241B5AB2CC0073F0E7 /* misc.h */ = {isa = PBXFileReference; lastKnownFileType = sourcecode.c.h; name = misc.h; path = ../../src/misc.h; sourceTree = "<group>"; };
		12EF3E281B5AB80F0073F0E7 /* Vector.cpp */ = {isa = PBXFileReference; fileEncoding = 4; lastKnownFileType = sourcecode.cpp.cpp; name = Vector.cpp; path = ../../src/Vector.cpp; sourceTree = "<group>"; };
		12EF3E291B5AB80F0073F0E7 /* Vector.h */ = {isa = PBXFileReference; fileEncoding = 4; lastKnownFileType = sourcecode.c.h; name = Vector.h; path = ../../src/Vector.h; sourceTree = "<group>"; };
/* End PBXFileReference section */

/* Begin PBXFrameworksBuildPhase section */
		12EF3DF31B5AADAB0073F0E7 /* Frameworks */ = {
			isa = PBXFrameworksBuildPhase;
			buildActionMask = 2147483647;
			files = (
				12EF3E221B5AAF850073F0E7 /* libccp4io.a in Frameworks */,
			);
			runOnlyForDeploymentPostprocessing = 0;
		};
/* End PBXFrameworksBuildPhase section */

/* Begin PBXGroup section */
		12EF3DED1B5AADAB0073F0E7 = {
			isa = PBXGroup;
			children = (
				12EF3E1F1B5AAF850073F0E7 /* libcctbx.a */,
				12EF3E201B5AAF850073F0E7 /* libccp4io.a */,
				12EF3DF81B5AADAB0073F0E7 /* deconvolute */,
				12EF3DF71B5AADAB0073F0E7 /* Products */,
			);
			sourceTree = "<group>";
		};
		12EF3DF71B5AADAB0073F0E7 /* Products */ = {
			isa = PBXGroup;
			children = (
				12EF3DF61B5AADAB0073F0E7 /* deconvolute */,
			);
			name = Products;
			sourceTree = "<group>";
		};
		12EF3DF81B5AADAB0073F0E7 /* deconvolute */ = {
			isa = PBXGroup;
			children = (
				12EF3E001B5AAE060073F0E7 /* FileParser.cpp */,
				12EF3E011B5AAE060073F0E7 /* FileParser.h */,
				12EF3E021B5AAE060073F0E7 /* FileReader.cpp */,
				12EF3E031B5AAE060073F0E7 /* FileReader.h */,
				12EF3E041B5AAE060073F0E7 /* InputFileParser.cpp */,
				12EF3E051B5AAE060073F0E7 /* InputFileParser.h */,
				12EF3E151B5AAE790073F0E7 /* StatisticsManager.cpp */,
				12EF3E161B5AAE790073F0E7 /* StatisticsManager.h */,
				12EF3E0F1B5AAE340073F0E7 /* Holder.cpp */,
				12EF3E101B5AAE340073F0E7 /* Holder.h */,
				12EF3E111B5AAE340073F0E7 /* Miller.cpp */,
				12EF3E121B5AAE340073F0E7 /* Miller.h */,
				12EF3E061B5AAE060073F0E7 /* main.cpp */,
				12EF3E071B5AAE060073F0E7 /* MtzManager.cpp */,
				12EF3E081B5AAE060073F0E7 /* MtzManager.h */,
				12EF3E191B5AAEBD0073F0E7 /* Matrix.cpp */,
				12EF3E1A1B5AAEBD0073F0E7 /* Matrix.h */,
				12EF3E091B5AAE060073F0E7 /* parameters.h */,
				1215F7E01B6FC7E800146F81 /* misc.cpp */,
				12EF3E241B5AB2CC0073F0E7 /* misc.h */,
				12EF3E181B5AAE9A0073F0E7 /* definitions.h */,
				12EF3E281B5AB80F0073F0E7 /* Vector.cpp */,
				12EF3E291B5AB80F0073F0E7 /* Vector.h */,
				1215F7DD1B6FBB4500146F81 /* Deconvoluter.cpp */,
				1215F7DE1B6FBB4500146F81 /* Deconvoluter.h */,
			);
			path = deconvolute;
			sourceTree = "<group>";
		};
/* End PBXGroup section */

/* Begin PBXNativeTarget section */
		12EF3DF51B5AADAB0073F0E7 /* deconvolute */ = {
			isa = PBXNativeTarget;
			buildConfigurationList = 12EF3DFD1B5AADAB0073F0E7 /* Build configuration list for PBXNativeTarget "deconvolute" */;
			buildPhases = (
				12EF3DF21B5AADAB0073F0E7 /* Sources */,
				12EF3DF31B5AADAB0073F0E7 /* Frameworks */,
				12EF3DF41B5AADAB0073F0E7 /* CopyFiles */,
			);
			buildRules = (
			);
			dependencies = (
			);
			name = deconvolute;
			productName = deconvolute;
			productReference = 12EF3DF61B5AADAB0073F0E7 /* deconvolute */;
			productType = "com.apple.product-type.tool";
		};
/* End PBXNativeTarget section */

/* Begin PBXProject section */
		12EF3DEE1B5AADAB0073F0E7 /* Project object */ = {
			isa = PBXProject;
			attributes = {
				LastUpgradeCheck = 0630;
				ORGANIZATIONNAME = "Division of Structural Biology Oxford";
				TargetAttributes = {
					12EF3DF51B5AADAB0073F0E7 = {
						CreatedOnToolsVersion = 6.3.2;
					};
				};
			};
			buildConfigurationList = 12EF3DF11B5AADAB0073F0E7 /* Build configuration list for PBXProject "deconvolute" */;
			compatibilityVersion = "Xcode 3.2";
			developmentRegion = English;
			hasScannedForEncodings = 0;
			knownRegions = (
				en,
			);
			mainGroup = 12EF3DED1B5AADAB0073F0E7;
			productRefGroup = 12EF3DF71B5AADAB0073F0E7 /* Products */;
			projectDirPath = "";
			projectRoot = "";
			targets = (
				12EF3DF51B5AADAB0073F0E7 /* deconvolute */,
			);
		};
/* End PBXProject section */

/* Begin PBXSourcesBuildPhase section */
		12EF3DF21B5AADAB0073F0E7 /* Sources */ = {
			isa = PBXSourcesBuildPhase;
			buildActionMask = 2147483647;
			files = (
				12EF3E0E1B5AAE060073F0E7 /* MtzManager.cpp in Sources */,
				12EF3E131B5AAE340073F0E7 /* Holder.cpp in Sources */,
				12EF3E2A1B5AB80F0073F0E7 /* Vector.cpp in Sources */,
				1215F7DF1B6FBB4500146F81 /* Deconvoluter.cpp in Sources */,
				12EF3E0B1B5AAE060073F0E7 /* FileReader.cpp in Sources */,
				1215F7E11B6FC7E800146F81 /* misc.cpp in Sources */,
				12EF3E1B1B5AAEBD0073F0E7 /* Matrix.cpp in Sources */,
				12EF3E0A1B5AAE060073F0E7 /* FileParser.cpp in Sources */,
				12EF3E171B5AAE790073F0E7 /* StatisticsManager.cpp in Sources */,
				12EF3E141B5AAE340073F0E7 /* Miller.cpp in Sources */,
				12EF3E0D1B5AAE060073F0E7 /* main.cpp in Sources */,
				12EF3E0C1B5AAE060073F0E7 /* InputFileParser.cpp in Sources */,
			);
			runOnlyForDeploymentPostprocessing = 0;
		};
/* End PBXSourcesBuildPhase section */

/* Begin XCBuildConfiguration section */
		12EF3DFB1B5AADAB0073F0E7 /* Debug */ = {
			isa = XCBuildConfiguration;
			buildSettings = {
				ALWAYS_SEARCH_USER_PATHS = NO;
				CLANG_CXX_LANGUAGE_STANDARD = "gnu++0x";
				CLANG_CXX_LIBRARY = "libc++";
				CLANG_ENABLE_MODULES = YES;
				CLANG_ENABLE_OBJC_ARC = YES;
				CLANG_WARN_BOOL_CONVERSION = YES;
				CLANG_WARN_CONSTANT_CONVERSION = YES;
				CLANG_WARN_DIRECT_OBJC_ISA_USAGE = YES_ERROR;
				CLANG_WARN_EMPTY_BODY = YES;
				CLANG_WARN_ENUM_CONVERSION = YES;
				CLANG_WARN_INT_CONVERSION = YES;
				CLANG_WARN_OBJC_ROOT_CLASS = YES_ERROR;
				CLANG_WARN_UNREACHABLE_CODE = YES;
				CLANG_WARN__DUPLICATE_METHOD_MATCH = YES;
				COPY_PHASE_STRIP = NO;
				DEBUG_INFORMATION_FORMAT = dwarf;
				ENABLE_STRICT_OBJC_MSGSEND = YES;
				GCC_C_LANGUAGE_STANDARD = gnu99;
				GCC_DYNAMIC_NO_PIC = NO;
				GCC_NO_COMMON_BLOCKS = YES;
				GCC_OPTIMIZATION_LEVEL = 0;
				GCC_PREPROCESSOR_DEFINITIONS = (
					"DEBUG=1",
					"$(inherited)",
				);
				GCC_SYMBOLS_PRIVATE_EXTERN = NO;
				GCC_WARN_64_TO_32_BIT_CONVERSION = YES;
				GCC_WARN_ABOUT_RETURN_TYPE = YES_ERROR;
				GCC_WARN_UNDECLARED_SELECTOR = YES;
				GCC_WARN_UNINITIALIZED_AUTOS = YES_AGGRESSIVE;
				GCC_WARN_UNUSED_FUNCTION = YES;
				GCC_WARN_UNUSED_VARIABLE = YES;
				MACOSX_DEPLOYMENT_TARGET = 10.10;
				MTL_ENABLE_DEBUG_INFO = YES;
				ONLY_ACTIVE_ARCH = YES;
				SDKROOT = macosx;
			};
			name = Debug;
		};
		12EF3DFC1B5AADAB0073F0E7 /* Release */ = {
			isa = XCBuildConfiguration;
			buildSettings = {
				ALWAYS_SEARCH_USER_PATHS = NO;
				CLANG_CXX_LANGUAGE_STANDARD = "gnu++0x";
				CLANG_CXX_LIBRARY = "libc++";
				CLANG_ENABLE_MODULES = YES;
				CLANG_ENABLE_OBJC_ARC = YES;
				CLANG_WARN_BOOL_CONVERSION = YES;
				CLANG_WARN_CONSTANT_CONVERSION = YES;
				CLANG_WARN_DIRECT_OBJC_ISA_USAGE = YES_ERROR;
				CLANG_WARN_EMPTY_BODY = YES;
				CLANG_WARN_ENUM_CONVERSION = YES;
				CLANG_WARN_INT_CONVERSION = YES;
				CLANG_WARN_OBJC_ROOT_CLASS = YES_ERROR;
				CLANG_WARN_UNREACHABLE_CODE = YES;
				CLANG_WARN__DUPLICATE_METHOD_MATCH = YES;
				COPY_PHASE_STRIP = NO;
				DEBUG_INFORMATION_FORMAT = "dwarf-with-dsym";
				ENABLE_NS_ASSERTIONS = NO;
				ENABLE_STRICT_OBJC_MSGSEND = YES;
				GCC_C_LANGUAGE_STANDARD = gnu99;
				GCC_NO_COMMON_BLOCKS = YES;
				GCC_WARN_64_TO_32_BIT_CONVERSION = YES;
				GCC_WARN_ABOUT_RETURN_TYPE = YES_ERROR;
				GCC_WARN_UNDECLARED_SELECTOR = YES;
				GCC_WARN_UNINITIALIZED_AUTOS = YES_AGGRESSIVE;
				GCC_WARN_UNUSED_FUNCTION = YES;
				GCC_WARN_UNUSED_VARIABLE = YES;
				MACOSX_DEPLOYMENT_TARGET = 10.10;
				MTL_ENABLE_DEBUG_INFO = NO;
				SDKROOT = macosx;
			};
			name = Release;
		};
		12EF3DFE1B5AADAB0073F0E7 /* Debug */ = {
			isa = XCBuildConfiguration;
			buildSettings = {
				ALWAYS_SEARCH_USER_PATHS = YES;
				LIBRARY_SEARCH_PATHS = (
					"$(inherited)",
					"$(USER_LIBRARY_DIR)/phenix-source/build/lib",
				);
				PRODUCT_NAME = "$(TARGET_NAME)";
				USER_HEADER_SEARCH_PATHS = "/Users/helenginn/Library/phenix-source/modules/ccp4io/libccp4/ccp4/ /Users/helenginn/Library/phenix-source/modules/boost/ /Users/helenginn/Library/phenix-source/modules/cctbx_project /Users/helenginn/Library/phenix-source/build/include";
			};
			name = Debug;
		};
		12EF3DFF1B5AADAB0073F0E7 /* Release */ = {
			isa = XCBuildConfiguration;
			buildSettings = {
				ALWAYS_SEARCH_USER_PATHS = YES;
				LIBRARY_SEARCH_PATHS = (
					"$(inherited)",
					"$(USER_LIBRARY_DIR)/phenix-source/build/lib",
				);
				PRODUCT_NAME = "$(TARGET_NAME)";
				USER_HEADER_SEARCH_PATHS = "/Users/helenginn/Library/phenix-source/modules/ccp4io/libccp4/ccp4/ /Users/helenginn/Library/phenix-source/modules/boost/ /Users/helenginn/Library/phenix-source/modules/cctbx_project /Users/helenginn/Library/phenix-source/build/include";
			};
			name = Release;
		};
/* End XCBuildConfiguration section */

/* Begin XCConfigurationList section */
		12EF3DF11B5AADAB0073F0E7 /* Build configuration list for PBXProject "deconvolute" */ = {
			isa = XCConfigurationList;
			buildConfigurations = (
				12EF3DFB1B5AADAB0073F0E7 /* Debug */,
				12EF3DFC1B5AADAB0073F0E7 /* Release */,
			);
			defaultConfigurationIsVisible = 0;
			defaultConfigurationName = Release;
		};
		12EF3DFD1B5AADAB0073F0E7 /* Build configuration list for PBXNativeTarget "deconvolute" */ = {
			isa = XCConfigurationList;
			buildConfigurations = (
				12EF3DFE1B5AADAB0073F0E7 /* Debug */,
				12EF3DFF1B5AADAB0073F0E7 /* Release */,
			);
			defaultConfigurationIsVisible = 0;
			defaultConfigurationName = Release;
		};
/* End XCConfigurationList section */
	};
	rootObject = 12EF3DEE1B5AADAB0073F0E7 /* Project object */;
}
